
Microsoft Visual Studio Solution File, Format Version 12.00
# Visual Studio 15
VisualStudioVersion = 15.0.26730.12
MinimumVisualStudioVersion = 10.0.40219.1
Project("{FAE04EC0-301F-11D3-BF4B-00C04F79EFBC}") = "Example", "Example\Example.csproj", "{0EA5A0FD-9063-470D-95D4-AD4C16480176}"
EndProject
Project("{FAE04EC0-301F-11D3-BF4B-00C04F79EFBC}") = "CSChatworkAPI", "CSChatworkAPI\CSChatworkAPI.csproj", "{E46A11F2-AFE4-4A07-9B7F-820A1503B618}"
EndProject
Project("{FAE04EC0-301F-11D3-BF4B-00C04F79EFBC}") = "CSChatworkAPI.Test.E2E", "CSChatworkAPI.Test.E2E\CSChatworkAPI.Test.E2E.csproj", "{301E9A87-D10C-4901-B8FA-40BA74E42DA4}"
EndProject
Global
	GlobalSection(SolutionConfigurationPlatforms) = preSolution
		Debug|Any CPU = Debug|Any CPU
		Release|Any CPU = Release|Any CPU
	EndGlobalSection
	GlobalSection(ProjectConfigurationPlatforms) = postSolution
		{0EA5A0FD-9063-470D-95D4-AD4C16480176}.Debug|Any CPU.ActiveCfg = Debug|Any CPU
		{0EA5A0FD-9063-470D-95D4-AD4C16480176}.Debug|Any CPU.Build.0 = Debug|Any CPU
		{0EA5A0FD-9063-470D-95D4-AD4C16480176}.Release|Any CPU.ActiveCfg = Release|Any CPU
		{0EA5A0FD-9063-470D-95D4-AD4C16480176}.Release|Any CPU.Build.0 = Release|Any CPU
		{E46A11F2-AFE4-4A07-9B7F-820A1503B618}.Debug|Any CPU.ActiveCfg = Debug|Any CPU
		{E46A11F2-AFE4-4A07-9B7F-820A1503B618}.Debug|Any CPU.Build.0 = Debug|Any CPU
		{E46A11F2-AFE4-4A07-9B7F-820A1503B618}.Release|Any CPU.ActiveCfg = Release|Any CPU
		{E46A11F2-AFE4-4A07-9B7F-820A1503B618}.Release|Any CPU.Build.0 = Release|Any CPU
		{301E9A87-D10C-4901-B8FA-40BA74E42DA4}.Debug|Any CPU.ActiveCfg = Debug|Any CPU
		{301E9A87-D10C-4901-B8FA-40BA74E42DA4}.Debug|Any CPU.Build.0 = Debug|Any CPU
		{301E9A87-D10C-4901-B8FA-40BA74E42DA4}.Release|Any CPU.ActiveCfg = Release|Any CPU
		{301E9A87-D10C-4901-B8FA-40BA74E42DA4}.Release|Any CPU.Build.0 = Release|Any CPU
	EndGlobalSection
	GlobalSection(SolutionProperties) = preSolution
		HideSolutionNode = FALSE
	EndGlobalSection
	GlobalSection(ExtensibilityGlobals) = postSolution
		SolutionGuid = {D0D80D2A-97B8-4582-ACA3-DF8F8190C921}
	EndGlobalSection
	GlobalSection(TestCaseManagementSettings) = postSolution
		CategoryFile = CSChatworkAPI.vsmdi
	EndGlobalSection
EndGlobal
